// !$*UTF8*$!
{
	archiveVersion = 1;
	classes = {
	};
	objectVersion = 50;
	objects = {

/* Begin PBXBuildFile section */
		9658C9B022892F7F0025BF9F /* AppDelegate.swift in Sources */ = {isa = PBXBuildFile; fileRef = 9658C9AF22892F7F0025BF9F /* AppDelegate.swift */; };
		9658C9B722892F810025BF9F /* Assets.xcassets in Resources */ = {isa = PBXBuildFile; fileRef = 9658C9B622892F810025BF9F /* Assets.xcassets */; };
		9658C9BA22892F810025BF9F /* LaunchScreen.storyboard in Resources */ = {isa = PBXBuildFile; fileRef = 9658C9B822892F810025BF9F /* LaunchScreen.storyboard */; };
		9658C9C3228930240025BF9F /* AddressBookListVC.swift in Sources */ = {isa = PBXBuildFile; fileRef = 9658C9C1228930240025BF9F /* AddressBookListVC.swift */; };
		9658C9C4228930240025BF9F /* AddressBookListVC.xib in Resources */ = {isa = PBXBuildFile; fileRef = 9658C9C2228930240025BF9F /* AddressBookListVC.xib */; };
		9658C9CB22894C500025BF9F /* ABlistHeaderView.swift in Sources */ = {isa = PBXBuildFile; fileRef = 9658C9CA22894C500025BF9F /* ABlistHeaderView.swift */; };
		9658C9CD22894C6E0025BF9F /* ABlistHeaderView.xib in Resources */ = {isa = PBXBuildFile; fileRef = 9658C9CC22894C6E0025BF9F /* ABlistHeaderView.xib */; };
		9680C074228A617900FD33CD /* AddressBookDetailVC.swift in Sources */ = {isa = PBXBuildFile; fileRef = 9680C072228A617900FD33CD /* AddressBookDetailVC.swift */; };
		9680C075228A617900FD33CD /* AddressBookDetailVC.xib in Resources */ = {isa = PBXBuildFile; fileRef = 9680C073228A617900FD33CD /* AddressBookDetailVC.xib */; };
		9680C077228A65A200FD33CD /* ABdetailHeaderView.swift in Sources */ = {isa = PBXBuildFile; fileRef = 9680C076228A65A200FD33CD /* ABdetailHeaderView.swift */; };
		96F6B84E228976A60076A26C /* Person.swift in Sources */ = {isa = PBXBuildFile; fileRef = 96F6B84D228976A50076A26C /* Person.swift */; };
		96F6B85022897F280076A26C /* ContactUtil.swift in Sources */ = {isa = PBXBuildFile; fileRef = 96F6B84F22897F280076A26C /* ContactUtil.swift */; };
		96F85163228AB4EE009D7DED /* ABDetailCell.swift in Sources */ = {isa = PBXBuildFile; fileRef = 96F85161228AB4EE009D7DED /* ABDetailCell.swift */; };
		96F85164228AB4EE009D7DED /* ABDetailCell.xib in Resources */ = {isa = PBXBuildFile; fileRef = 96F85162228AB4EE009D7DED /* ABDetailCell.xib */; };
/* End PBXBuildFile section */

/* Begin PBXFileReference section */
		9658C9AC22892F7F0025BF9F /* 02-AddressBook.app */ = {isa = PBXFileReference; explicitFileType = wrapper.application; includeInIndex = 0; path = "02-AddressBook.app"; sourceTree = BUILT_PRODUCTS_DIR; };
		9658C9AF22892F7F0025BF9F /* AppDelegate.swift */ = {isa = PBXFileReference; lastKnownFileType = sourcecode.swift; path = AppDelegate.swift; sourceTree = "<group>"; };
		9658C9B622892F810025BF9F /* Assets.xcassets */ = {isa = PBXFileReference; lastKnownFileType = folder.assetcatalog; path = Assets.xcassets; sourceTree = "<group>"; };
		9658C9B922892F810025BF9F /* Base */ = {isa = PBXFileReference; lastKnownFileType = file.storyboard; name = Base; path = Base.lproj/LaunchScreen.storyboard; sourceTree = "<group>"; };
		9658C9BB22892F810025BF9F /* Info.plist */ = {isa = PBXFileReference; lastKnownFileType = text.plist.xml; path = Info.plist; sourceTree = "<group>"; };
		9658C9C1228930240025BF9F /* AddressBookListVC.swift */ = {isa = PBXFileReference; lastKnownFileType = sourcecode.swift; path = AddressBookListVC.swift; sourceTree = "<group>"; };
		9658C9C2228930240025BF9F /* AddressBookListVC.xib */ = {isa = PBXFileReference; lastKnownFileType = file.xib; path = AddressBookListVC.xib; sourceTree = "<group>"; };
		9658C9CA22894C500025BF9F /* ABlistHeaderView.swift */ = {isa = PBXFileReference; lastKnownFileType = sourcecode.swift; path = ABlistHeaderView.swift; sourceTree = "<group>"; };
		9658C9CC22894C6E0025BF9F /* ABlistHeaderView.xib */ = {isa = PBXFileReference; lastKnownFileType = file.xib; path = ABlistHeaderView.xib; sourceTree = "<group>"; };
		9680C072228A617900FD33CD /* AddressBookDetailVC.swift */ = {isa = PBXFileReference; lastKnownFileType = sourcecode.swift; path = AddressBookDetailVC.swift; sourceTree = "<group>"; };
		9680C073228A617900FD33CD /* AddressBookDetailVC.xib */ = {isa = PBXFileReference; lastKnownFileType = file.xib; path = AddressBookDetailVC.xib; sourceTree = "<group>"; };
		9680C076228A65A200FD33CD /* ABdetailHeaderView.swift */ = {isa = PBXFileReference; lastKnownFileType = sourcecode.swift; path = ABdetailHeaderView.swift; sourceTree = "<group>"; };
		96F6B84D228976A50076A26C /* Person.swift */ = {isa = PBXFileReference; lastKnownFileType = sourcecode.swift; path = Person.swift; sourceTree = "<group>"; };
		96F6B84F22897F280076A26C /* ContactUtil.swift */ = {isa = PBXFileReference; lastKnownFileType = sourcecode.swift; path = ContactUtil.swift; sourceTree = "<group>"; };
		96F85161228AB4EE009D7DED /* ABDetailCell.swift */ = {isa = PBXFileReference; lastKnownFileType = sourcecode.swift; path = ABDetailCell.swift; sourceTree = "<group>"; };
		96F85162228AB4EE009D7DED /* ABDetailCell.xib */ = {isa = PBXFileReference; lastKnownFileType = file.xib; path = ABDetailCell.xib; sourceTree = "<group>"; };
/* End PBXFileReference section */

/* Begin PBXFrameworksBuildPhase section */
		9658C9A922892F7F0025BF9F /* Frameworks */ = {
			isa = PBXFrameworksBuildPhase;
			buildActionMask = 2147483647;
			files = (
			);
			runOnlyForDeploymentPostprocessing = 0;
		};
/* End PBXFrameworksBuildPhase section */

/* Begin PBXGroup section */
		9658C9A322892F7F0025BF9F = {
			isa = PBXGroup;
			children = (
				9658C9AE22892F7F0025BF9F /* 02-AddressBook */,
				9658C9AD22892F7F0025BF9F /* Products */,
			);
			sourceTree = "<group>";
		};
		9658C9AD22892F7F0025BF9F /* Products */ = {
			isa = PBXGroup;
			children = (
				9658C9AC22892F7F0025BF9F /* 02-AddressBook.app */,
			);
			name = Products;
			sourceTree = "<group>";
		};
		9658C9AE22892F7F0025BF9F /* 02-AddressBook */ = {
			isa = PBXGroup;
			children = (
				9658C9AF22892F7F0025BF9F /* AppDelegate.swift */,
				96F6B84F22897F280076A26C /* ContactUtil.swift */,
				9658C9C1228930240025BF9F /* AddressBookListVC.swift */,
				9658C9C2228930240025BF9F /* AddressBookListVC.xib */,
				9680C072228A617900FD33CD /* AddressBookDetailVC.swift */,
				9680C073228A617900FD33CD /* AddressBookDetailVC.xib */,
				9658C9C52289442A0025BF9F /* view */,
				96F6B84C228976960076A26C /* model */,
				9658C9B622892F810025BF9F /* Assets.xcassets */,
				9658C9B822892F810025BF9F /* LaunchScreen.storyboard */,
				9658C9BB22892F810025BF9F /* Info.plist */,
			);
			path = "02-AddressBook";
			sourceTree = "<group>";
		};
		9658C9C52289442A0025BF9F /* view */ = {
			isa = PBXGroup;
			children = (
				9658C9CA22894C500025BF9F /* ABlistHeaderView.swift */,
				9658C9CC22894C6E0025BF9F /* ABlistHeaderView.xib */,
				9680C076228A65A200FD33CD /* ABdetailHeaderView.swift */,
				96F85161228AB4EE009D7DED /* ABDetailCell.swift */,
				96F85162228AB4EE009D7DED /* ABDetailCell.xib */,
			);
			path = view;
			sourceTree = "<group>";
		};
		96F6B84C228976960076A26C /* model */ = {
			isa = PBXGroup;
			children = (
				96F6B84D228976A50076A26C /* Person.swift */,
			);
			name = model;
			path = "02-AddressBook/model";
			sourceTree = SOURCE_ROOT;
		};
/* End PBXGroup section */

/* Begin PBXNativeTarget section */
		9658C9AB22892F7F0025BF9F /* 02-AddressBook */ = {
			isa = PBXNativeTarget;
			buildConfigurationList = 9658C9BE22892F810025BF9F /* Build configuration list for PBXNativeTarget "02-AddressBook" */;
			buildPhases = (
				9658C9A822892F7F0025BF9F /* Sources */,
				9658C9A922892F7F0025BF9F /* Frameworks */,
				9658C9AA22892F7F0025BF9F /* Resources */,
			);
			buildRules = (
			);
			dependencies = (
			);
			name = "02-AddressBook";
			productName = "02-AddressBook";
			productReference = 9658C9AC22892F7F0025BF9F /* 02-AddressBook.app */;
			productType = "com.apple.product-type.application";
		};
/* End PBXNativeTarget section */

/* Begin PBXProject section */
		9658C9A422892F7F0025BF9F /* Project object */ = {
			isa = PBXProject;
			attributes = {
				LastSwiftUpdateCheck = 1020;
				LastUpgradeCheck = 1020;
				ORGANIZATIONNAME = dzw;
				TargetAttributes = {
					9658C9AB22892F7F0025BF9F = {
						CreatedOnToolsVersion = 10.2.1;
					};
				};
			};
			buildConfigurationList = 9658C9A722892F7F0025BF9F /* Build configuration list for PBXProject "02-AddressBook" */;
			compatibilityVersion = "Xcode 9.3";
			developmentRegion = en;
			hasScannedForEncodings = 0;
			knownRegions = (
				en,
				Base,
			);
			mainGroup = 9658C9A322892F7F0025BF9F;
			productRefGroup = 9658C9AD22892F7F0025BF9F /* Products */;
			projectDirPath = "";
			projectRoot = "";
			targets = (
				9658C9AB22892F7F0025BF9F /* 02-AddressBook */,
			);
		};
/* End PBXProject section */

/* Begin PBXResourcesBuildPhase section */
		9658C9AA22892F7F0025BF9F /* Resources */ = {
			isa = PBXResourcesBuildPhase;
			buildActionMask = 2147483647;
			files = (
				9658C9BA22892F810025BF9F /* LaunchScreen.storyboard in Resources */,
				96F85164228AB4EE009D7DED /* ABDetailCell.xib in Resources */,
				9658C9CD22894C6E0025BF9F /* ABlistHeaderView.xib in Resources */,
				9658C9B722892F810025BF9F /* Assets.xcassets in Resources */,
				9658C9C4228930240025BF9F /* AddressBookListVC.xib in Resources */,
				9680C075228A617900FD33CD /* AddressBookDetailVC.xib in Resources */,
			);
			runOnlyForDeploymentPostprocessing = 0;
		};
/* End PBXResourcesBuildPhase section */

/* Begin PBXSourcesBuildPhase section */
		9658C9A822892F7F0025BF9F /* Sources */ = {
			isa = PBXSourcesBuildPhase;
			buildActionMask = 2147483647;
			files = (
				96F6B85022897F280076A26C /* ContactUtil.swift in Sources */,
				9680C074228A617900FD33CD /* AddressBookDetailVC.swift in Sources */,
				9658C9CB22894C500025BF9F /* ABlistHeaderView.swift in Sources */,
				96F85163228AB4EE009D7DED /* ABDetailCell.swift in Sources */,
				9658C9C3228930240025BF9F /* AddressBookListVC.swift in Sources */,
				96F6B84E228976A60076A26C /* Person.swift in Sources */,
				9680C077228A65A200FD33CD /* ABdetailHeaderView.swift in Sources */,
				9658C9B022892F7F0025BF9F /* AppDelegate.swift in Sources */,
			);
			runOnlyForDeploymentPostprocessing = 0;
		};
/* End PBXSourcesBuildPhase section */

/* Begin PBXVariantGroup section */
		9658C9B822892F810025BF9F /* LaunchScreen.storyboard */ = {
			isa = PBXVariantGroup;
			children = (
				9658C9B922892F810025BF9F /* Base */,
			);
			name = LaunchScreen.storyboard;
			sourceTree = "<group>";
		};
/* End PBXVariantGroup section */

/* Begin XCBuildConfiguration section */
		9658C9BC22892F810025BF9F /* Debug */ = {
			isa = XCBuildConfiguration;
			buildSettings = {
				ALWAYS_SEARCH_USER_PATHS = NO;
				CLANG_ANALYZER_NONNULL = YES;
				CLANG_ANALYZER_NUMBER_OBJECT_CONVERSION = YES_AGGRESSIVE;
				CLANG_CXX_LANGUAGE_STANDARD = "gnu++14";
				CLANG_CXX_LIBRARY = "libc++";
				CLANG_ENABLE_MODULES = YES;
				CLANG_ENABLE_OBJC_ARC = YES;
				CLANG_ENABLE_OBJC_WEAK = YES;
				CLANG_WARN_BLOCK_CAPTURE_AUTORELEASING = YES;
				CLANG_WARN_BOOL_CONVERSION = YES;
				CLANG_WARN_COMMA = YES;
				CLANG_WARN_CONSTANT_CONVERSION = YES;
				CLANG_WARN_DEPRECATED_OBJC_IMPLEMENTATIONS = YES;
				CLANG_WARN_DIRECT_OBJC_ISA_USAGE = YES_ERROR;
				CLANG_WARN_DOCUMENTATION_COMMENTS = YES;
				CLANG_WARN_EMPTY_BODY = YES;
				CLANG_WARN_ENUM_CONVERSION = YES;
				CLANG_WARN_INFINITE_RECURSION = YES;
				CLANG_WARN_INT_CONVERSION = YES;
				CLANG_WARN_NON_LITERAL_NULL_CONVERSION = YES;
				CLANG_WARN_OBJC_IMPLICIT_RETAIN_SELF = YES;
				CLANG_WARN_OBJC_LITERAL_CONVERSION = YES;
				CLANG_WARN_OBJC_ROOT_CLASS = YES_ERROR;
				CLANG_WARN_RANGE_LOOP_ANALYSIS = YES;
				CLANG_WARN_STRICT_PROTOTYPES = YES;
				CLANG_WARN_SUSPICIOUS_MOVE = YES;
				CLANG_WARN_UNGUARDED_AVAILABILITY = YES_AGGRESSIVE;
				CLANG_WARN_UNREACHABLE_CODE = YES;
				CLANG_WARN__DUPLICATE_METHOD_MATCH = YES;
				CODE_SIGN_IDENTITY = "iPhone Developer";
				COPY_PHASE_STRIP = NO;
				DEBUG_INFORMATION_FORMAT = dwarf;
				ENABLE_STRICT_OBJC_MSGSEND = YES;
				ENABLE_TESTABILITY = YES;
				GCC_C_LANGUAGE_STANDARD = gnu11;
				GCC_DYNAMIC_NO_PIC = NO;
				GCC_NO_COMMON_BLOCKS = YES;
				GCC_OPTIMIZATION_LEVEL = 0;
				GCC_PREPROCESSOR_DEFINITIONS = (
					"DEBUG=1",
					"$(inherited)",
				);
				GCC_WARN_64_TO_32_BIT_CONVERSION = YES;
				GCC_WARN_ABOUT_RETURN_TYPE = YES_ERROR;
				GCC_WARN_UNDECLARED_SELECTOR = YES;
				GCC_WARN_UNINITIALIZED_AUTOS = YES_AGGRESSIVE;
				GCC_WARN_UNUSED_FUNCTION = YES;
				GCC_WARN_UNUSED_VARIABLE = YES;
				IPHONEOS_DEPLOYMENT_TARGET = 12.2;
				MTL_ENABLE_DEBUG_INFO = INCLUDE_SOURCE;
				MTL_FAST_MATH = YES;
				ONLY_ACTIVE_ARCH = YES;
				SDKROOT = iphoneos;
				SWIFT_ACTIVE_COMPILATION_CONDITIONS = DEBUG;
				SWIFT_OPTIMIZATION_LEVEL = "-Onone";
			};
			name = Debug;
		};
		9658C9BD22892F810025BF9F /* Release */ = {
			isa = XCBuildConfiguration;
			buildSettings = {
				ALWAYS_SEARCH_USER_PATHS = NO;
				CLANG_ANALYZER_NONNULL = YES;
				CLANG_ANALYZER_NUMBER_OBJECT_CONVERSION = YES_AGGRESSIVE;
				CLANG_CXX_LANGUAGE_STANDARD = "gnu++14";
				CLANG_CXX_LIBRARY = "libc++";
				CLANG_ENABLE_MODULES = YES;
				CLANG_ENABLE_OBJC_ARC = YES;
				CLANG_ENABLE_OBJC_WEAK = YES;
				CLANG_WARN_BLOCK_CAPTURE_AUTORELEASING = YES;
				CLANG_WARN_BOOL_CONVERSION = YES;
				CLANG_WARN_COMMA = YES;
				CLANG_WARN_CONSTANT_CONVERSION = YES;
				CLANG_WARN_DEPRECATED_OBJC_IMPLEMENTATIONS = YES;
				CLANG_WARN_DIRECT_OBJC_ISA_USAGE = YES_ERROR;
				CLANG_WARN_DOCUMENTATION_COMMENTS = YES;
				CLANG_WARN_EMPTY_BODY = YES;
				CLANG_WARN_ENUM_CONVERSION = YES;
				CLANG_WARN_INFINITE_RECURSION = YES;
				CLANG_WARN_INT_CONVERSION = YES;
				CLANG_WARN_NON_LITERAL_NULL_CONVERSION = YES;
				CLANG_WARN_OBJC_IMPLICIT_RETAIN_SELF = YES;
				CLANG_WARN_OBJC_LITERAL_CONVERSION = YES;
				CLANG_WARN_OBJC_ROOT_CLASS = YES_ERROR;
				CLANG_WARN_RANGE_LOOP_ANALYSIS = YES;
				CLANG_WARN_STRICT_PROTOTYPES = YES;
				CLANG_WARN_SUSPICIOUS_MOVE = YES;
				CLANG_WARN_UNGUARDED_AVAILABILITY = YES_AGGRESSIVE;
				CLANG_WARN_UNREACHABLE_CODE = YES;
				CLANG_WARN__DUPLICATE_METHOD_MATCH = YES;
				CODE_SIGN_IDENTITY = "iPhone Developer";
				COPY_PHASE_STRIP = NO;
				DEBUG_INFORMATION_FORMAT = "dwarf-with-dsym";
				ENABLE_NS_ASSERTIONS = NO;
				ENABLE_STRICT_OBJC_MSGSEND = YES;
				GCC_C_LANGUAGE_STANDARD = gnu11;
				GCC_NO_COMMON_BLOCKS = YES;
				GCC_WARN_64_TO_32_BIT_CONVERSION = YES;
				GCC_WARN_ABOUT_RETURN_TYPE = YES_ERROR;
				GCC_WARN_UNDECLARED_SELECTOR = YES;
				GCC_WARN_UNINITIALIZED_AUTOS = YES_AGGRESSIVE;
				GCC_WARN_UNUSED_FUNCTION = YES;
				GCC_WARN_UNUSED_VARIABLE = YES;
				IPHONEOS_DEPLOYMENT_TARGET = 12.2;
				MTL_ENABLE_DEBUG_INFO = NO;
				MTL_FAST_MATH = YES;
				SDKROOT = iphoneos;
				SWIFT_COMPILATION_MODE = wholemodule;
				SWIFT_OPTIMIZATION_LEVEL = "-O";
				VALIDATE_PRODUCT = YES;
			};
			name = Release;
		};
		9658C9BF22892F810025BF9F /* Debug */ = {
			isa = XCBuildConfiguration;
			buildSettings = {
				ASSETCATALOG_COMPILER_APPICON_NAME = AppIcon;
				CODE_SIGN_STYLE = Automatic;
				DEVELOPMENT_TEAM = 97KXK82D47;
				INFOPLIST_FILE = "02-AddressBook/Info.plist";
				IPHONEOS_DEPLOYMENT_TARGET = 11.0;
				LD_RUNPATH_SEARCH_PATHS = (
					"$(inherited)",
					"@executable_path/Frameworks",
				);
				PRODUCT_BUNDLE_IDENTIFIER = "dzw.-2-AddressBook";
				PRODUCT_NAME = "$(TARGET_NAME)";
				SWIFT_VERSION = 5.0;
				TARGETED_DEVICE_FAMILY = "1,2";
			};
			name = Debug;
		};
		9658C9C022892F810025BF9F /* Release */ = {
			isa = XCBuildConfiguration;
			buildSettings = {
				ASSETCATALOG_COMPILER_APPICON_NAME = AppIcon;
				CODE_SIGN_STYLE = Automatic;
				DEVELOPMENT_TEAM = 97KXK82D47;
				INFOPLIST_FILE = "02-AddressBook/Info.plist";
				IPHONEOS_DEPLOYMENT_TARGET = 11.0;
				LD_RUNPATH_SEARCH_PATHS = (
					"$(inherited)",
					"@executable_path/Frameworks",
				);
				PRODUCT_BUNDLE_IDENTIFIER = "dzw.-2-AddressBook";
				PRODUCT_NAME = "$(TARGET_NAME)";
				SWIFT_VERSION = 5.0;
				TARGETED_DEVICE_FAMILY = "1,2";
			};
			name = Release;
		};
/* End XCBuildConfiguration section */

/* Begin XCConfigurationList section */
		9658C9A722892F7F0025BF9F /* Build configuration list for PBXProject "02-AddressBook" */ = {
			isa = XCConfigurationList;
			buildConfigurations = (
				9658C9BC22892F810025BF9F /* Debug */,
				9658C9BD22892F810025BF9F /* Release */,
			);
			defaultConfigurationIsVisible = 0;
			defaultConfigurationName = Release;
		};
		9658C9BE22892F810025BF9F /* Build configuration list for PBXNativeTarget "02-AddressBook" */ = {
			isa = XCConfigurationList;
			buildConfigurations = (
				9658C9BF22892F810025BF9F /* Debug */,
				9658C9C022892F810025BF9F /* Release */,
			);
			defaultConfigurationIsVisible = 0;
			defaultConfigurationName = Release;
		};
/* End XCConfigurationList section */
	};
	rootObject = 9658C9A422892F7F0025BF9F /* Project object */;
}
