// !$*UTF8*$!
{
	archiveVersion = 1;
	classes = {
	};
	objectVersion = 50;
	objects = {

/* Begin PBXBuildFile section */
		961BB010228FB58200D5C9E5 /* AppDelegate.swift in Sources */ = {isa = PBXBuildFile; fileRef = 961BB00F228FB58200D5C9E5 /* AppDelegate.swift */; };
		961BB012228FB58200D5C9E5 /* RecordListVC.swift in Sources */ = {isa = PBXBuildFile; fileRef = 961BB011228FB58200D5C9E5 /* RecordListVC.swift */; };
		961BB017228FB58300D5C9E5 /* Assets.xcassets in Resources */ = {isa = PBXBuildFile; fileRef = 961BB016228FB58300D5C9E5 /* Assets.xcassets */; };
		961BB01A228FB58300D5C9E5 /* LaunchScreen.storyboard in Resources */ = {isa = PBXBuildFile; fileRef = 961BB018228FB58300D5C9E5 /* LaunchScreen.storyboard */; };
		961BB022228FB5A600D5C9E5 /* RecordButton.swift in Sources */ = {isa = PBXBuildFile; fileRef = 961BB021228FB5A600D5C9E5 /* RecordButton.swift */; };
		961BB028228FD8AE00D5C9E5 /* SlideView.swift in Sources */ = {isa = PBXBuildFile; fileRef = 961BB027228FD8AE00D5C9E5 /* SlideView.swift */; };
		961BB02C228FFDC800D5C9E5 /* SpectrumView.swift in Sources */ = {isa = PBXBuildFile; fileRef = 961BB02B228FFDC800D5C9E5 /* SpectrumView.swift */; };
		961BB0302290573600D5C9E5 /* SlideView.xib in Resources */ = {isa = PBXBuildFile; fileRef = 961BB02F2290573600D5C9E5 /* SlideView.xib */; };
		9674578A229A54E900BA1EB8 /* RecordArchiveTool.swift in Sources */ = {isa = PBXBuildFile; fileRef = 96745789229A54E900BA1EB8 /* RecordArchiveTool.swift */; };
		96B5E066229100DE000AD00B /* RecordUtil.swift in Sources */ = {isa = PBXBuildFile; fileRef = 96B5E065229100DE000AD00B /* RecordUtil.swift */; };
		96B5E06B22918149000AD00B /* RecordListCell.swift in Sources */ = {isa = PBXBuildFile; fileRef = 96B5E06922918149000AD00B /* RecordListCell.swift */; };
		96B5E06C22918149000AD00B /* RecordListCell.xib in Resources */ = {isa = PBXBuildFile; fileRef = 96B5E06A22918149000AD00B /* RecordListCell.xib */; };
/* End PBXBuildFile section */

/* Begin PBXFileReference section */
		961BB00C228FB58200D5C9E5 /* 04-VoiceMemo.app */ = {isa = PBXFileReference; explicitFileType = wrapper.application; includeInIndex = 0; path = "04-VoiceMemo.app"; sourceTree = BUILT_PRODUCTS_DIR; };
		961BB00F228FB58200D5C9E5 /* AppDelegate.swift */ = {isa = PBXFileReference; lastKnownFileType = sourcecode.swift; path = AppDelegate.swift; sourceTree = "<group>"; };
		961BB011228FB58200D5C9E5 /* RecordListVC.swift */ = {isa = PBXFileReference; lastKnownFileType = sourcecode.swift; path = RecordListVC.swift; sourceTree = "<group>"; };
		961BB016228FB58300D5C9E5 /* Assets.xcassets */ = {isa = PBXFileReference; lastKnownFileType = folder.assetcatalog; path = Assets.xcassets; sourceTree = "<group>"; };
		961BB019228FB58300D5C9E5 /* Base */ = {isa = PBXFileReference; lastKnownFileType = file.storyboard; name = Base; path = Base.lproj/LaunchScreen.storyboard; sourceTree = "<group>"; };
		961BB01B228FB58300D5C9E5 /* Info.plist */ = {isa = PBXFileReference; lastKnownFileType = text.plist.xml; path = Info.plist; sourceTree = "<group>"; };
		961BB021228FB5A600D5C9E5 /* RecordButton.swift */ = {isa = PBXFileReference; lastKnownFileType = sourcecode.swift; path = RecordButton.swift; sourceTree = "<group>"; };
		961BB027228FD8AE00D5C9E5 /* SlideView.swift */ = {isa = PBXFileReference; lastKnownFileType = sourcecode.swift; path = SlideView.swift; sourceTree = "<group>"; };
		961BB02B228FFDC800D5C9E5 /* SpectrumView.swift */ = {isa = PBXFileReference; fileEncoding = 4; lastKnownFileType = sourcecode.swift; path = SpectrumView.swift; sourceTree = "<group>"; };
		961BB02F2290573600D5C9E5 /* SlideView.xib */ = {isa = PBXFileReference; lastKnownFileType = file.xib; path = SlideView.xib; sourceTree = "<group>"; };
		96745789229A54E900BA1EB8 /* RecordArchiveTool.swift */ = {isa = PBXFileReference; lastKnownFileType = sourcecode.swift; path = RecordArchiveTool.swift; sourceTree = "<group>"; };
		96B5E065229100DE000AD00B /* RecordUtil.swift */ = {isa = PBXFileReference; lastKnownFileType = sourcecode.swift; path = RecordUtil.swift; sourceTree = "<group>"; };
		96B5E06922918149000AD00B /* RecordListCell.swift */ = {isa = PBXFileReference; lastKnownFileType = sourcecode.swift; path = RecordListCell.swift; sourceTree = "<group>"; };
		96B5E06A22918149000AD00B /* RecordListCell.xib */ = {isa = PBXFileReference; lastKnownFileType = file.xib; path = RecordListCell.xib; sourceTree = "<group>"; };
/* End PBXFileReference section */

/* Begin PBXFrameworksBuildPhase section */
		961BB009228FB58200D5C9E5 /* Frameworks */ = {
			isa = PBXFrameworksBuildPhase;
			buildActionMask = 2147483647;
			files = (
			);
			runOnlyForDeploymentPostprocessing = 0;
		};
/* End PBXFrameworksBuildPhase section */

/* Begin PBXGroup section */
		961BB003228FB58200D5C9E5 = {
			isa = PBXGroup;
			children = (
				961BB00E228FB58200D5C9E5 /* 04-VoiceMemo */,
				961BB00D228FB58200D5C9E5 /* Products */,
			);
			sourceTree = "<group>";
		};
		961BB00D228FB58200D5C9E5 /* Products */ = {
			isa = PBXGroup;
			children = (
				961BB00C228FB58200D5C9E5 /* 04-VoiceMemo.app */,
			);
			name = Products;
			sourceTree = "<group>";
		};
		961BB00E228FB58200D5C9E5 /* 04-VoiceMemo */ = {
			isa = PBXGroup;
			children = (
				961BB00F228FB58200D5C9E5 /* AppDelegate.swift */,
				961BB011228FB58200D5C9E5 /* RecordListVC.swift */,
				961BB026228FD84F00D5C9E5 /* model */,
				961BB025228FD84F00D5C9E5 /* view */,
				96B5E064229100CC000AD00B /* utils */,
				961BB016228FB58300D5C9E5 /* Assets.xcassets */,
				961BB018228FB58300D5C9E5 /* LaunchScreen.storyboard */,
				961BB01B228FB58300D5C9E5 /* Info.plist */,
			);
			path = "04-VoiceMemo";
			sourceTree = "<group>";
		};
		961BB025228FD84F00D5C9E5 /* view */ = {
			isa = PBXGroup;
			children = (
				961BB027228FD8AE00D5C9E5 /* SlideView.swift */,
				961BB02F2290573600D5C9E5 /* SlideView.xib */,
				961BB021228FB5A600D5C9E5 /* RecordButton.swift */,
				961BB02B228FFDC800D5C9E5 /* SpectrumView.swift */,
				96B5E06922918149000AD00B /* RecordListCell.swift */,
				96B5E06A22918149000AD00B /* RecordListCell.xib */,
			);
			path = view;
			sourceTree = "<group>";
		};
		961BB026228FD84F00D5C9E5 /* model */ = {
			isa = PBXGroup;
			children = (
				96745789229A54E900BA1EB8 /* RecordArchiveTool.swift */,
			);
			path = model;
			sourceTree = "<group>";
		};
		96B5E064229100CC000AD00B /* utils */ = {
			isa = PBXGroup;
			children = (
				96B5E065229100DE000AD00B /* RecordUtil.swift */,
			);
			path = utils;
			sourceTree = "<group>";
		};
/* End PBXGroup section */

/* Begin PBXNativeTarget section */
		961BB00B228FB58200D5C9E5 /* 04-VoiceMemo */ = {
			isa = PBXNativeTarget;
			buildConfigurationList = 961BB01E228FB58300D5C9E5 /* Build configuration list for PBXNativeTarget "04-VoiceMemo" */;
			buildPhases = (
				961BB008228FB58200D5C9E5 /* Sources */,
				961BB009228FB58200D5C9E5 /* Frameworks */,
				961BB00A228FB58200D5C9E5 /* Resources */,
			);
			buildRules = (
			);
			dependencies = (
			);
			name = "04-VoiceMemo";
			productName = "04-VoiceMemo";
			productReference = 961BB00C228FB58200D5C9E5 /* 04-VoiceMemo.app */;
			productType = "com.apple.product-type.application";
		};
/* End PBXNativeTarget section */

/* Begin PBXProject section */
		961BB004228FB58200D5C9E5 /* Project object */ = {
			isa = PBXProject;
			attributes = {
				LastSwiftUpdateCheck = 1020;
				LastUpgradeCheck = 1020;
				ORGANIZATIONNAME = dzw;
				TargetAttributes = {
					961BB00B228FB58200D5C9E5 = {
						CreatedOnToolsVersion = 10.2.1;
					};
				};
			};
			buildConfigurationList = 961BB007228FB58200D5C9E5 /* Build configuration list for PBXProject "04-VoiceMemo" */;
			compatibilityVersion = "Xcode 9.3";
			developmentRegion = en;
			hasScannedForEncodings = 0;
			knownRegions = (
				en,
				Base,
			);
			mainGroup = 961BB003228FB58200D5C9E5;
			productRefGroup = 961BB00D228FB58200D5C9E5 /* Products */;
			projectDirPath = "";
			projectRoot = "";
			targets = (
				961BB00B228FB58200D5C9E5 /* 04-VoiceMemo */,
			);
		};
/* End PBXProject section */

/* Begin PBXResourcesBuildPhase section */
		961BB00A228FB58200D5C9E5 /* Resources */ = {
			isa = PBXResourcesBuildPhase;
			buildActionMask = 2147483647;
			files = (
				961BB0302290573600D5C9E5 /* SlideView.xib in Resources */,
				961BB01A228FB58300D5C9E5 /* LaunchScreen.storyboard in Resources */,
				96B5E06C22918149000AD00B /* RecordListCell.xib in Resources */,
				961BB017228FB58300D5C9E5 /* Assets.xcassets in Resources */,
			);
			runOnlyForDeploymentPostprocessing = 0;
		};
/* End PBXResourcesBuildPhase section */

/* Begin PBXSourcesBuildPhase section */
		961BB008228FB58200D5C9E5 /* Sources */ = {
			isa = PBXSourcesBuildPhase;
			buildActionMask = 2147483647;
			files = (
				961BB012228FB58200D5C9E5 /* RecordListVC.swift in Sources */,
				961BB010228FB58200D5C9E5 /* AppDelegate.swift in Sources */,
				96B5E06B22918149000AD00B /* RecordListCell.swift in Sources */,
				961BB028228FD8AE00D5C9E5 /* SlideView.swift in Sources */,
				9674578A229A54E900BA1EB8 /* RecordArchiveTool.swift in Sources */,
				961BB02C228FFDC800D5C9E5 /* SpectrumView.swift in Sources */,
				96B5E066229100DE000AD00B /* RecordUtil.swift in Sources */,
				961BB022228FB5A600D5C9E5 /* RecordButton.swift in Sources */,
			);
			runOnlyForDeploymentPostprocessing = 0;
		};
/* End PBXSourcesBuildPhase section */

/* Begin PBXVariantGroup section */
		961BB018228FB58300D5C9E5 /* LaunchScreen.storyboard */ = {
			isa = PBXVariantGroup;
			children = (
				961BB019228FB58300D5C9E5 /* Base */,
			);
			name = LaunchScreen.storyboard;
			sourceTree = "<group>";
		};
/* End PBXVariantGroup section */

/* Begin XCBuildConfiguration section */
		961BB01C228FB58300D5C9E5 /* Debug */ = {
			isa = XCBuildConfiguration;
			buildSettings = {
				ALWAYS_SEARCH_USER_PATHS = NO;
				CLANG_ANALYZER_NONNULL = YES;
				CLANG_ANALYZER_NUMBER_OBJECT_CONVERSION = YES_AGGRESSIVE;
				CLANG_CXX_LANGUAGE_STANDARD = "gnu++14";
				CLANG_CXX_LIBRARY = "libc++";
				CLANG_ENABLE_MODULES = YES;
				CLANG_ENABLE_OBJC_ARC = YES;
				CLANG_ENABLE_OBJC_WEAK = YES;
				CLANG_WARN_BLOCK_CAPTURE_AUTORELEASING = YES;
				CLANG_WARN_BOOL_CONVERSION = YES;
				CLANG_WARN_COMMA = YES;
				CLANG_WARN_CONSTANT_CONVERSION = YES;
				CLANG_WARN_DEPRECATED_OBJC_IMPLEMENTATIONS = YES;
				CLANG_WARN_DIRECT_OBJC_ISA_USAGE = YES_ERROR;
				CLANG_WARN_DOCUMENTATION_COMMENTS = YES;
				CLANG_WARN_EMPTY_BODY = YES;
				CLANG_WARN_ENUM_CONVERSION = YES;
				CLANG_WARN_INFINITE_RECURSION = YES;
				CLANG_WARN_INT_CONVERSION = YES;
				CLANG_WARN_NON_LITERAL_NULL_CONVERSION = YES;
				CLANG_WARN_OBJC_IMPLICIT_RETAIN_SELF = YES;
				CLANG_WARN_OBJC_LITERAL_CONVERSION = YES;
				CLANG_WARN_OBJC_ROOT_CLASS = YES_ERROR;
				CLANG_WARN_RANGE_LOOP_ANALYSIS = YES;
				CLANG_WARN_STRICT_PROTOTYPES = YES;
				CLANG_WARN_SUSPICIOUS_MOVE = YES;
				CLANG_WARN_UNGUARDED_AVAILABILITY = YES_AGGRESSIVE;
				CLANG_WARN_UNREACHABLE_CODE = YES;
				CLANG_WARN__DUPLICATE_METHOD_MATCH = YES;
				CODE_SIGN_IDENTITY = "iPhone Developer";
				COPY_PHASE_STRIP = NO;
				DEBUG_INFORMATION_FORMAT = dwarf;
				ENABLE_STRICT_OBJC_MSGSEND = YES;
				ENABLE_TESTABILITY = YES;
				GCC_C_LANGUAGE_STANDARD = gnu11;
				GCC_DYNAMIC_NO_PIC = NO;
				GCC_NO_COMMON_BLOCKS = YES;
				GCC_OPTIMIZATION_LEVEL = 0;
				GCC_PREPROCESSOR_DEFINITIONS = (
					"DEBUG=1",
					"$(inherited)",
				);
				GCC_WARN_64_TO_32_BIT_CONVERSION = YES;
				GCC_WARN_ABOUT_RETURN_TYPE = YES_ERROR;
				GCC_WARN_UNDECLARED_SELECTOR = YES;
				GCC_WARN_UNINITIALIZED_AUTOS = YES_AGGRESSIVE;
				GCC_WARN_UNUSED_FUNCTION = YES;
				GCC_WARN_UNUSED_VARIABLE = YES;
				IPHONEOS_DEPLOYMENT_TARGET = 12.2;
				MTL_ENABLE_DEBUG_INFO = INCLUDE_SOURCE;
				MTL_FAST_MATH = YES;
				ONLY_ACTIVE_ARCH = YES;
				SDKROOT = iphoneos;
				SWIFT_ACTIVE_COMPILATION_CONDITIONS = DEBUG;
				SWIFT_OPTIMIZATION_LEVEL = "-Onone";
			};
			name = Debug;
		};
		961BB01D228FB58300D5C9E5 /* Release */ = {
			isa = XCBuildConfiguration;
			buildSettings = {
				ALWAYS_SEARCH_USER_PATHS = NO;
				CLANG_ANALYZER_NONNULL = YES;
				CLANG_ANALYZER_NUMBER_OBJECT_CONVERSION = YES_AGGRESSIVE;
				CLANG_CXX_LANGUAGE_STANDARD = "gnu++14";
				CLANG_CXX_LIBRARY = "libc++";
				CLANG_ENABLE_MODULES = YES;
				CLANG_ENABLE_OBJC_ARC = YES;
				CLANG_ENABLE_OBJC_WEAK = YES;
				CLANG_WARN_BLOCK_CAPTURE_AUTORELEASING = YES;
				CLANG_WARN_BOOL_CONVERSION = YES;
				CLANG_WARN_COMMA = YES;
				CLANG_WARN_CONSTANT_CONVERSION = YES;
				CLANG_WARN_DEPRECATED_OBJC_IMPLEMENTATIONS = YES;
				CLANG_WARN_DIRECT_OBJC_ISA_USAGE = YES_ERROR;
				CLANG_WARN_DOCUMENTATION_COMMENTS = YES;
				CLANG_WARN_EMPTY_BODY = YES;
				CLANG_WARN_ENUM_CONVERSION = YES;
				CLANG_WARN_INFINITE_RECURSION = YES;
				CLANG_WARN_INT_CONVERSION = YES;
				CLANG_WARN_NON_LITERAL_NULL_CONVERSION = YES;
				CLANG_WARN_OBJC_IMPLICIT_RETAIN_SELF = YES;
				CLANG_WARN_OBJC_LITERAL_CONVERSION = YES;
				CLANG_WARN_OBJC_ROOT_CLASS = YES_ERROR;
				CLANG_WARN_RANGE_LOOP_ANALYSIS = YES;
				CLANG_WARN_STRICT_PROTOTYPES = YES;
				CLANG_WARN_SUSPICIOUS_MOVE = YES;
				CLANG_WARN_UNGUARDED_AVAILABILITY = YES_AGGRESSIVE;
				CLANG_WARN_UNREACHABLE_CODE = YES;
				CLANG_WARN__DUPLICATE_METHOD_MATCH = YES;
				CODE_SIGN_IDENTITY = "iPhone Developer";
				COPY_PHASE_STRIP = NO;
				DEBUG_INFORMATION_FORMAT = "dwarf-with-dsym";
				ENABLE_NS_ASSERTIONS = NO;
				ENABLE_STRICT_OBJC_MSGSEND = YES;
				GCC_C_LANGUAGE_STANDARD = gnu11;
				GCC_NO_COMMON_BLOCKS = YES;
				GCC_WARN_64_TO_32_BIT_CONVERSION = YES;
				GCC_WARN_ABOUT_RETURN_TYPE = YES_ERROR;
				GCC_WARN_UNDECLARED_SELECTOR = YES;
				GCC_WARN_UNINITIALIZED_AUTOS = YES_AGGRESSIVE;
				GCC_WARN_UNUSED_FUNCTION = YES;
				GCC_WARN_UNUSED_VARIABLE = YES;
				IPHONEOS_DEPLOYMENT_TARGET = 12.2;
				MTL_ENABLE_DEBUG_INFO = NO;
				MTL_FAST_MATH = YES;
				SDKROOT = iphoneos;
				SWIFT_COMPILATION_MODE = wholemodule;
				SWIFT_OPTIMIZATION_LEVEL = "-O";
				VALIDATE_PRODUCT = YES;
			};
			name = Release;
		};
		961BB01F228FB58300D5C9E5 /* Debug */ = {
			isa = XCBuildConfiguration;
			buildSettings = {
				ASSETCATALOG_COMPILER_APPICON_NAME = AppIcon;
				CODE_SIGN_STYLE = Automatic;
				DEVELOPMENT_TEAM = 97KXK82D47;
				INFOPLIST_FILE = "04-VoiceMemo/Info.plist";
				IPHONEOS_DEPLOYMENT_TARGET = 11.0;
				LD_RUNPATH_SEARCH_PATHS = (
					"$(inherited)",
					"@executable_path/Frameworks",
				);
				PRODUCT_BUNDLE_IDENTIFIER = "dzw.--";
				PRODUCT_NAME = "$(TARGET_NAME)";
				SWIFT_VERSION = 5.0;
				TARGETED_DEVICE_FAMILY = "1,2";
			};
			name = Debug;
		};
		961BB020228FB58300D5C9E5 /* Release */ = {
			isa = XCBuildConfiguration;
			buildSettings = {
				ASSETCATALOG_COMPILER_APPICON_NAME = AppIcon;
				CODE_SIGN_STYLE = Automatic;
				DEVELOPMENT_TEAM = 97KXK82D47;
				INFOPLIST_FILE = "04-VoiceMemo/Info.plist";
				IPHONEOS_DEPLOYMENT_TARGET = 11.0;
				LD_RUNPATH_SEARCH_PATHS = (
					"$(inherited)",
					"@executable_path/Frameworks",
				);
				PRODUCT_BUNDLE_IDENTIFIER = "dzw.--";
				PRODUCT_NAME = "$(TARGET_NAME)";
				SWIFT_VERSION = 5.0;
				TARGETED_DEVICE_FAMILY = "1,2";
			};
			name = Release;
		};
/* End XCBuildConfiguration section */

/* Begin XCConfigurationList section */
		961BB007228FB58200D5C9E5 /* Build configuration list for PBXProject "04-VoiceMemo" */ = {
			isa = XCConfigurationList;
			buildConfigurations = (
				961BB01C228FB58300D5C9E5 /* Debug */,
				961BB01D228FB58300D5C9E5 /* Release */,
			);
			defaultConfigurationIsVisible = 0;
			defaultConfigurationName = Release;
		};
		961BB01E228FB58300D5C9E5 /* Build configuration list for PBXNativeTarget "04-VoiceMemo" */ = {
			isa = XCConfigurationList;
			buildConfigurations = (
				961BB01F228FB58300D5C9E5 /* Debug */,
				961BB020228FB58300D5C9E5 /* Release */,
			);
			defaultConfigurationIsVisible = 0;
			defaultConfigurationName = Release;
		};
/* End XCConfigurationList section */
	};
	rootObject = 961BB004228FB58200D5C9E5 /* Project object */;
}
